
Microsoft Visual Studio Solution File, Format Version 12.00
# Visual Studio 15
VisualStudioVersion = 15.0.27130.2010
MinimumVisualStudioVersion = 10.0.40219.1
Project("{FAE04EC0-301F-11D3-BF4B-00C04F79EFBC}") = "SisConsultorioOtorrino", "SisConsultorioOtorrino\SisConsultorioOtorrino.csproj", "{7D1452A0-1BA2-45D1-99E6-ED859C4EA340}"
EndProject
Global
	GlobalSection(SolutionConfigurationPlatforms) = preSolution
		Debug|Any CPU = Debug|Any CPU
		Release|Any CPU = Release|Any CPU
	EndGlobalSection
	GlobalSection(ProjectConfigurationPlatforms) = postSolution
		{7D1452A0-1BA2-45D1-99E6-ED859C4EA340}.Debug|Any CPU.ActiveCfg = Debug|Any CPU
		{7D1452A0-1BA2-45D1-99E6-ED859C4EA340}.Debug|Any CPU.Build.0 = Debug|Any CPU
		{7D1452A0-1BA2-45D1-99E6-ED859C4EA340}.Release|Any CPU.ActiveCfg = Release|Any CPU
		{7D1452A0-1BA2-45D1-99E6-ED859C4EA340}.Release|Any CPU.Build.0 = Release|Any CPU
	EndGlobalSection
	GlobalSection(SolutionProperties) = preSolution
		HideSolutionNode = FALSE
	EndGlobalSection
	GlobalSection(ExtensibilityGlobals) = postSolution
		SolutionGuid = {390509BE-E28E-487E-8B02-A0E024FA5E1F}
	EndGlobalSection
EndGlobal
